
Microsoft Visual Studio Solution File, Format Version 12.00
# Visual Studio Version 17
VisualStudioVersion = 17.12.35514.174
MinimumVisualStudioVersion = 10.0.40219.1
Project("{FAE04EC0-301F-11D3-BF4B-00C04F79EFBC}") = "AppStream.SmartParser", "src\AppStream.SmartParser\AppStream.SmartParser.csproj", "{E91EDDA5-6F25-4784-90F5-D3E471E61CD8}"
EndProject
Project("{2150E333-8FDC-42A3-9474-1A3956D46DE8}") = "Solution Items", "Solution Items", "{F9970CC4-E820-48F6-B2B2-6E1C0C5D490F}"
	ProjectSection(SolutionItems) = preProject
		CODE_OF_CONDUCT.md = CODE_OF_CONDUCT.md
		LICENSE = LICENSE
		README.md = README.md
	EndProjectSection
EndProject
Project("{2150E333-8FDC-42A3-9474-1A3956D46DE8}") = "src", "src", "{E6C80E03-120A-4A47-970C-7BAACD2265B3}"
EndProject
Project("{FAE04EC0-301F-11D3-BF4B-00C04F79EFBC}") = "AppStream.SmartParser.Polly", "src\AppStream.SmartParser.Polly\AppStream.SmartParser.Polly.csproj", "{EFC5FFD6-F480-4E64-8059-CBFDC18FE035}"
EndProject
Project("{2150E333-8FDC-42A3-9474-1A3956D46DE8}") = "samples", "samples", "{1BC4D556-46C9-4C1D-820E-AC5D8DEF5B1D}"
EndProject
Project("{FAE04EC0-301F-11D3-BF4B-00C04F79EFBC}") = "SimplestUseCase", "samples\SimplestUseCase\SimplestUseCase.csproj", "{19E297B3-6005-40D5-8D1C-828BA8256822}"
EndProject
Global
	GlobalSection(SolutionConfigurationPlatforms) = preSolution
		Debug|Any CPU = Debug|Any CPU
		Release|Any CPU = Release|Any CPU
	EndGlobalSection
	GlobalSection(ProjectConfigurationPlatforms) = postSolution
		{E91EDDA5-6F25-4784-90F5-D3E471E61CD8}.Debug|Any CPU.ActiveCfg = Debug|Any CPU
		{E91EDDA5-6F25-4784-90F5-D3E471E61CD8}.Debug|Any CPU.Build.0 = Debug|Any CPU
		{E91EDDA5-6F25-4784-90F5-D3E471E61CD8}.Release|Any CPU.ActiveCfg = Release|Any CPU
		{E91EDDA5-6F25-4784-90F5-D3E471E61CD8}.Release|Any CPU.Build.0 = Release|Any CPU
		{EFC5FFD6-F480-4E64-8059-CBFDC18FE035}.Debug|Any CPU.ActiveCfg = Debug|Any CPU
		{EFC5FFD6-F480-4E64-8059-CBFDC18FE035}.Debug|Any CPU.Build.0 = Debug|Any CPU
		{EFC5FFD6-F480-4E64-8059-CBFDC18FE035}.Release|Any CPU.ActiveCfg = Release|Any CPU
		{EFC5FFD6-F480-4E64-8059-CBFDC18FE035}.Release|Any CPU.Build.0 = Release|Any CPU
		{19E297B3-6005-40D5-8D1C-828BA8256822}.Debug|Any CPU.ActiveCfg = Debug|Any CPU
		{19E297B3-6005-40D5-8D1C-828BA8256822}.Debug|Any CPU.Build.0 = Debug|Any CPU
		{19E297B3-6005-40D5-8D1C-828BA8256822}.Release|Any CPU.ActiveCfg = Release|Any CPU
		{19E297B3-6005-40D5-8D1C-828BA8256822}.Release|Any CPU.Build.0 = Release|Any CPU
	EndGlobalSection
	GlobalSection(SolutionProperties) = preSolution
		HideSolutionNode = FALSE
	EndGlobalSection
	GlobalSection(NestedProjects) = preSolution
		{E91EDDA5-6F25-4784-90F5-D3E471E61CD8} = {E6C80E03-120A-4A47-970C-7BAACD2265B3}
		{EFC5FFD6-F480-4E64-8059-CBFDC18FE035} = {E6C80E03-120A-4A47-970C-7BAACD2265B3}
		{19E297B3-6005-40D5-8D1C-828BA8256822} = {1BC4D556-46C9-4C1D-820E-AC5D8DEF5B1D}
	EndGlobalSection
EndGlobal
